Microsoft Visual Studio Solution File, Format Version 12.00
# Visual Studio Version 16
VisualStudioVersion = 16.0.30204.135
MinimumVisualStudioVersion = 10.0.40219.1
Project("{9A19103F-16F7-4668-BE54-9A1E7A4F7556}") = "TempConverter", "TempConverter\TempConverter.csproj", "{71E4530D-3E51-43F1-9C81-87417D67E40F}"
EndProject
Project("{9A19103F-16F7-4668-BE54-9A1E7A4F7556}") = "HelloMethods", "HelloMethods\HelloMethods.csproj", "{5DDF587E-34B6-430B-96A0-F9DB1A786915}"
EndProject
Project("{FAE04EC0-301F-11D3-BF4B-00C04F79EFBC}") = "InputOutput", "InputOutput\InputOutput.csproj", "{EB7F9FA2-A5D1-4663-A1E9-F913EB9A5F9C}"
EndProject
Global
	GlobalSection(SolutionConfigurationPlatforms) = preSolution
		Debug|Any CPU = Debug|Any CPU
		Release|Any CPU = Release|Any CPU
	EndGlobalSection
	GlobalSection(ProjectConfigurationPlatforms) = postSolution
		{71E4530D-3E51-43F1-9C81-87417D67E40F}.Debug|Any CPU.ActiveCfg = Debug|Any CPU
		{71E4530D-3E51-43F1-9C81-87417D67E40F}.Debug|Any CPU.Build.0 = Debug|Any CPU
		{71E4530D-3E51-43F1-9C81-87417D67E40F}.Release|Any CPU.ActiveCfg = Release|Any CPU
		{71E4530D-3E51-43F1-9C81-87417D67E40F}.Release|Any CPU.Build.0 = Release|Any CPU
		{5DDF587E-34B6-430B-96A0-F9DB1A786915}.Debug|Any CPU.ActiveCfg = Debug|Any CPU
		{5DDF587E-34B6-430B-96A0-F9DB1A786915}.Debug|Any CPU.Build.0 = Debug|Any CPU
		{5DDF587E-34B6-430B-96A0-F9DB1A786915}.Release|Any CPU.ActiveCfg = Release|Any CPU
		{5DDF587E-34B6-430B-96A0-F9DB1A786915}.Release|Any CPU.Build.0 = Release|Any CPU
		{EB7F9FA2-A5D1-4663-A1E9-F913EB9A5F9C}.Debug|Any CPU.ActiveCfg = Debug|Any CPU
		{EB7F9FA2-A5D1-4663-A1E9-F913EB9A5F9C}.Debug|Any CPU.Build.0 = Debug|Any CPU
		{EB7F9FA2-A5D1-4663-A1E9-F913EB9A5F9C}.Release|Any CPU.ActiveCfg = Release|Any CPU
		{EB7F9FA2-A5D1-4663-A1E9-F913EB9A5F9C}.Release|Any CPU.Build.0 = Release|Any CPU
	EndGlobalSection
	GlobalSection(SolutionProperties) = preSolution
		HideSolutionNode = FALSE
	EndGlobalSection
	GlobalSection(ExtensibilityGlobals) = postSolution
		SolutionGuid = {AA38F49B-099E-453E-B847-13C6E371EA61}
	EndGlobalSection
EndGlobal
